
Microsoft Visual Studio Solution File, Format Version 12.00
# Visual Studio 2013
VisualStudioVersion = 12.0.31101.0
MinimumVisualStudioVersion = 10.0.40219.1
Project("{FAE04EC0-301F-11D3-BF4B-00C04F79EFBC}") = "Cinema", "Cinema\Cinema.csproj", "{CFA19438-DE5E-43E5-A8A2-A026A2DFA6F7}"
EndProject
Project("{FAE04EC0-301F-11D3-BF4B-00C04F79EFBC}") = "Illuminati", "Illuminati\Illuminati.csproj", "{5AB194E2-A418-4D46-ADAB-54BC02A6F92B}"
EndProject
Global
	GlobalSection(SolutionConfigurationPlatforms) = preSolution
		Debug|Any CPU = Debug|Any CPU
		Release|Any CPU = Release|Any CPU
	EndGlobalSection
	GlobalSection(ProjectConfigurationPlatforms) = postSolution
		{CFA19438-DE5E-43E5-A8A2-A026A2DFA6F7}.Debug|Any CPU.ActiveCfg = Debug|Any CPU
		{CFA19438-DE5E-43E5-A8A2-A026A2DFA6F7}.Debug|Any CPU.Build.0 = Debug|Any CPU
		{CFA19438-DE5E-43E5-A8A2-A026A2DFA6F7}.Release|Any CPU.ActiveCfg = Release|Any CPU
		{CFA19438-DE5E-43E5-A8A2-A026A2DFA6F7}.Release|Any CPU.Build.0 = Release|Any CPU
		{5AB194E2-A418-4D46-ADAB-54BC02A6F92B}.Debug|Any CPU.ActiveCfg = Debug|Any CPU
		{5AB194E2-A418-4D46-ADAB-54BC02A6F92B}.Debug|Any CPU.Build.0 = Debug|Any CPU
		{5AB194E2-A418-4D46-ADAB-54BC02A6F92B}.Release|Any CPU.ActiveCfg = Release|Any CPU
		{5AB194E2-A418-4D46-ADAB-54BC02A6F92B}.Release|Any CPU.Build.0 = Release|Any CPU
	EndGlobalSection
	GlobalSection(SolutionProperties) = preSolution
		HideSolutionNode = FALSE
	EndGlobalSection
EndGlobal
