
Microsoft Visual Studio Solution File, Format Version 12.00
# Visual Studio 2013
VisualStudioVersion = 12.0.31101.0
MinimumVisualStudioVersion = 10.0.40219.1
Project("{FAE04EC0-301F-11D3-BF4B-00C04F79EFBC}") = "ChessboardGame", "ChessboardGame\ChessboardGame.csproj", "{E38B244C-F1B9-4E2E-9244-6CEDFA887738}"
EndProject
Project("{FAE04EC0-301F-11D3-BF4B-00C04F79EFBC}") = "BookProblem", "BookProblem\BookProblem.csproj", "{789A6573-6746-40E2-8DD6-32F29E263090}"
EndProject
Project("{FAE04EC0-301F-11D3-BF4B-00C04F79EFBC}") = "KingOfThieves", "KingOfThieves\KingOfThieves.csproj", "{3670F971-9449-4BE8-B688-DB44AB13EA61}"
EndProject
Project("{FAE04EC0-301F-11D3-BF4B-00C04F79EFBC}") = "DecryptTheMessages", "DecryptTheMessages\DecryptTheMessages.csproj", "{6DC469EF-E842-4A48-B05E-4CDC359EDDA2}"
EndProject
Project("{FAE04EC0-301F-11D3-BF4B-00C04F79EFBC}") = "BitsAtCrossroads", "BitsAtCrossroads\BitsAtCrossroads.csproj", "{938FE17D-03C5-41FB-A142-85450DCFBBB8}"
EndProject
Global
	GlobalSection(SolutionConfigurationPlatforms) = preSolution
		Debug|Any CPU = Debug|Any CPU
		Release|Any CPU = Release|Any CPU
	EndGlobalSection
	GlobalSection(ProjectConfigurationPlatforms) = postSolution
		{E38B244C-F1B9-4E2E-9244-6CEDFA887738}.Debug|Any CPU.ActiveCfg = Debug|Any CPU
		{E38B244C-F1B9-4E2E-9244-6CEDFA887738}.Debug|Any CPU.Build.0 = Debug|Any CPU
		{E38B244C-F1B9-4E2E-9244-6CEDFA887738}.Release|Any CPU.ActiveCfg = Release|Any CPU
		{E38B244C-F1B9-4E2E-9244-6CEDFA887738}.Release|Any CPU.Build.0 = Release|Any CPU
		{789A6573-6746-40E2-8DD6-32F29E263090}.Debug|Any CPU.ActiveCfg = Debug|Any CPU
		{789A6573-6746-40E2-8DD6-32F29E263090}.Debug|Any CPU.Build.0 = Debug|Any CPU
		{789A6573-6746-40E2-8DD6-32F29E263090}.Release|Any CPU.ActiveCfg = Release|Any CPU
		{789A6573-6746-40E2-8DD6-32F29E263090}.Release|Any CPU.Build.0 = Release|Any CPU
		{3670F971-9449-4BE8-B688-DB44AB13EA61}.Debug|Any CPU.ActiveCfg = Debug|Any CPU
		{3670F971-9449-4BE8-B688-DB44AB13EA61}.Debug|Any CPU.Build.0 = Debug|Any CPU
		{3670F971-9449-4BE8-B688-DB44AB13EA61}.Release|Any CPU.ActiveCfg = Release|Any CPU
		{3670F971-9449-4BE8-B688-DB44AB13EA61}.Release|Any CPU.Build.0 = Release|Any CPU
		{6DC469EF-E842-4A48-B05E-4CDC359EDDA2}.Debug|Any CPU.ActiveCfg = Debug|Any CPU
		{6DC469EF-E842-4A48-B05E-4CDC359EDDA2}.Debug|Any CPU.Build.0 = Debug|Any CPU
		{6DC469EF-E842-4A48-B05E-4CDC359EDDA2}.Release|Any CPU.ActiveCfg = Release|Any CPU
		{6DC469EF-E842-4A48-B05E-4CDC359EDDA2}.Release|Any CPU.Build.0 = Release|Any CPU
		{938FE17D-03C5-41FB-A142-85450DCFBBB8}.Debug|Any CPU.ActiveCfg = Debug|Any CPU
		{938FE17D-03C5-41FB-A142-85450DCFBBB8}.Debug|Any CPU.Build.0 = Debug|Any CPU
		{938FE17D-03C5-41FB-A142-85450DCFBBB8}.Release|Any CPU.ActiveCfg = Release|Any CPU
		{938FE17D-03C5-41FB-A142-85450DCFBBB8}.Release|Any CPU.Build.0 = Release|Any CPU
	EndGlobalSection
	GlobalSection(SolutionProperties) = preSolution
		HideSolutionNode = FALSE
	EndGlobalSection
EndGlobal
